
Microsoft Visual Studio Solution File, Format Version 12.00
# Visual Studio Version 17
VisualStudioVersion = 17.5.002.0
MinimumVisualStudioVersion = 10.0.40219.1
Project("{9A19103F-16F7-4668-BE54-9A1E7A4F7556}") = "MyModule", "MyModule.csproj", "{D26E8327-16AD-436B-B51C-25348562998A}"
EndProject
Global
	GlobalSection(SolutionConfigurationPlatforms) = preSolution
		Debug|Any CPU = Debug|Any CPU
		Release|Any CPU = Release|Any CPU
	EndGlobalSection
	GlobalSection(ProjectConfigurationPlatforms) = postSolution
		{D26E8327-16AD-436B-B51C-25348562998A}.Debug|Any CPU.ActiveCfg = Debug|Any CPU
		{D26E8327-16AD-436B-B51C-25348562998A}.Debug|Any CPU.Build.0 = Debug|Any CPU
		{D26E8327-16AD-436B-B51C-25348562998A}.Release|Any CPU.ActiveCfg = Release|Any CPU
		{D26E8327-16AD-436B-B51C-25348562998A}.Release|Any CPU.Build.0 = Release|Any CPU
	EndGlobalSection
	GlobalSection(SolutionProperties) = preSolution
		HideSolutionNode = FALSE
	EndGlobalSection
	GlobalSection(ExtensibilityGlobals) = postSolution
		SolutionGuid = {F0242BC9-828D-44CB-B460-C58CBB74F610}
	EndGlobalSection
EndGlobal
